
Microsoft Visual Studio Solution File, Format Version 12.00
# Visual Studio Version 17
VisualStudioVersion = 17.14.36414.22
MinimumVisualStudioVersion = 10.0.40219.1
Project("{FAE04EC0-301F-11D3-BF4B-00C04F79EFBC}") = "EscapeProjectInfrastructure", "EscapeProjectInfrastructure.csproj", "{8944595D-D356-4ECF-8FA5-743AB0B41D19}"
EndProject
Project("{FAE04EC0-301F-11D3-BF4B-00C04F79EFBC}") = "BaseDomain", "..\BaseDomain\BaseDomain.csproj", "{328970EB-1E5A-448D-9DDB-5E009537C02D}"
EndProject
Project("{FAE04EC0-301F-11D3-BF4B-00C04F79EFBC}") = "EscapeProjectDomain", "..\EscapeProjectDomain\EscapeProjectDomain.csproj", "{9A443687-8C19-4C96-99D0-278E57C24EA8}"
EndProject
Project("{FAE04EC0-301F-11D3-BF4B-00C04F79EFBC}") = "EscapeProjectApplication", "..\EscapeProjectApplication\EscapeProjectApplication.csproj", "{84DBB6E8-6DA1-4776-B052-95F9DF7D2F90}"
EndProject
Project("{FAE04EC0-301F-11D3-BF4B-00C04F79EFBC}") = "EscapeProjectPresentationCLI", "..\EscapeProjectPresentation\EscapeProjectPresentationCLI.csproj", "{2DBE7A42-7DA7-4C0B-BD9F-BE2FBC843169}"
EndProject
Project("{2150E333-8FDC-42A3-9474-1A3956D46DE8}") = "Tasks", "Tasks", "{02EA681E-C7D8-13C7-8484-4AC65E1B71E8}"
EndProject
Global
	GlobalSection(SolutionConfigurationPlatforms) = preSolution
		Debug|Any CPU = Debug|Any CPU
		Release|Any CPU = Release|Any CPU
	EndGlobalSection
	GlobalSection(ProjectConfigurationPlatforms) = postSolution
		{8944595D-D356-4ECF-8FA5-743AB0B41D19}.Debug|Any CPU.ActiveCfg = Debug|Any CPU
		{8944595D-D356-4ECF-8FA5-743AB0B41D19}.Debug|Any CPU.Build.0 = Debug|Any CPU
		{8944595D-D356-4ECF-8FA5-743AB0B41D19}.Release|Any CPU.ActiveCfg = Release|Any CPU
		{8944595D-D356-4ECF-8FA5-743AB0B41D19}.Release|Any CPU.Build.0 = Release|Any CPU
		{328970EB-1E5A-448D-9DDB-5E009537C02D}.Debug|Any CPU.ActiveCfg = Debug|Any CPU
		{328970EB-1E5A-448D-9DDB-5E009537C02D}.Debug|Any CPU.Build.0 = Debug|Any CPU
		{328970EB-1E5A-448D-9DDB-5E009537C02D}.Release|Any CPU.ActiveCfg = Release|Any CPU
		{328970EB-1E5A-448D-9DDB-5E009537C02D}.Release|Any CPU.Build.0 = Release|Any CPU
		{9A443687-8C19-4C96-99D0-278E57C24EA8}.Debug|Any CPU.ActiveCfg = Debug|Any CPU
		{9A443687-8C19-4C96-99D0-278E57C24EA8}.Debug|Any CPU.Build.0 = Debug|Any CPU
		{9A443687-8C19-4C96-99D0-278E57C24EA8}.Release|Any CPU.ActiveCfg = Release|Any CPU
		{9A443687-8C19-4C96-99D0-278E57C24EA8}.Release|Any CPU.Build.0 = Release|Any CPU
		{84DBB6E8-6DA1-4776-B052-95F9DF7D2F90}.Debug|Any CPU.ActiveCfg = Debug|Any CPU
		{84DBB6E8-6DA1-4776-B052-95F9DF7D2F90}.Debug|Any CPU.Build.0 = Debug|Any CPU
		{84DBB6E8-6DA1-4776-B052-95F9DF7D2F90}.Release|Any CPU.ActiveCfg = Release|Any CPU
		{84DBB6E8-6DA1-4776-B052-95F9DF7D2F90}.Release|Any CPU.Build.0 = Release|Any CPU
		{2DBE7A42-7DA7-4C0B-BD9F-BE2FBC843169}.Debug|Any CPU.ActiveCfg = Debug|Any CPU
		{2DBE7A42-7DA7-4C0B-BD9F-BE2FBC843169}.Debug|Any CPU.Build.0 = Debug|Any CPU
		{2DBE7A42-7DA7-4C0B-BD9F-BE2FBC843169}.Release|Any CPU.ActiveCfg = Release|Any CPU
		{2DBE7A42-7DA7-4C0B-BD9F-BE2FBC843169}.Release|Any CPU.Build.0 = Release|Any CPU
	EndGlobalSection
	GlobalSection(SolutionProperties) = preSolution
		HideSolutionNode = FALSE
	EndGlobalSection
	GlobalSection(NestedProjects) = preSolution
		{8944595D-D356-4ECF-8FA5-743AB0B41D19} = {02EA681E-C7D8-13C7-8484-4AC65E1B71E8}
		{9A443687-8C19-4C96-99D0-278E57C24EA8} = {02EA681E-C7D8-13C7-8484-4AC65E1B71E8}
		{84DBB6E8-6DA1-4776-B052-95F9DF7D2F90} = {02EA681E-C7D8-13C7-8484-4AC65E1B71E8}
		{2DBE7A42-7DA7-4C0B-BD9F-BE2FBC843169} = {02EA681E-C7D8-13C7-8484-4AC65E1B71E8}
	EndGlobalSection
	GlobalSection(ExtensibilityGlobals) = postSolution
		SolutionGuid = {0DC5D5A0-E45C-4F3A-9356-914323EE2A7B}
	EndGlobalSection
EndGlobal
